
Microsoft Visual Studio Solution File, Format Version 12.00
# Visual Studio 15
VisualStudioVersion = 15.0.26403.7
MinimumVisualStudioVersion = 10.0.40219.1
Project("{8BC9CEB8-8B4A-11D0-8D11-00A0C91BC942}") = "Sandbox", "Sandbox\Sandbox.vcxproj", "{59601D80-7178-4B52-AF89-5B0937797088}"
	ProjectSection(ProjectDependencies) = postProject
		{C075A9FA-FEE0-42F1-8164-485D9461FA9C} = {C075A9FA-FEE0-42F1-8164-485D9461FA9C}
	EndProjectSection
EndProject
Project("{8BC9CEB8-8B4A-11D0-8D11-00A0C91BC942}") = "Engine.Core", "Engine.Core\Engine.Core.vcxproj", "{C075A9FA-FEE0-42F1-8164-485D9461FA9C}"
	ProjectSection(ProjectDependencies) = postProject
		{E4108F42-1849-4DAC-B8CB-F7BB63CAEF04} = {E4108F42-1849-4DAC-B8CB-F7BB63CAEF04}
		{BA51799B-7523-44B1-AA40-F6663DC0D3EC} = {BA51799B-7523-44B1-AA40-F6663DC0D3EC}
	EndProjectSection
EndProject
Project("{8BC9CEB8-8B4A-11D0-8D11-00A0C91BC942}") = "Engine.OpenGL", "Engine.OpenGL\Engine.OpenGL.vcxproj.vcxproj", "{E4108F42-1849-4DAC-B8CB-F7BB63CAEF04}"
EndProject
Project("{8BC9CEB8-8B4A-11D0-8D11-00A0C91BC942}") = "Engine.DirectX", "Engine.DirectX\Engine.DirectX.vcxproj", "{BA51799B-7523-44B1-AA40-F6663DC0D3EC}"
EndProject
Global
	GlobalSection(SolutionConfigurationPlatforms) = preSolution
		Debug|x64 = Debug|x64
		Debug|x86 = Debug|x86
		Release|x64 = Release|x64
		Release|x86 = Release|x86
	EndGlobalSection
	GlobalSection(ProjectConfigurationPlatforms) = postSolution
		{59601D80-7178-4B52-AF89-5B0937797088}.Debug|x64.ActiveCfg = Debug|x64
		{59601D80-7178-4B52-AF89-5B0937797088}.Debug|x64.Build.0 = Debug|x64
		{59601D80-7178-4B52-AF89-5B0937797088}.Debug|x86.ActiveCfg = Debug|Win32
		{59601D80-7178-4B52-AF89-5B0937797088}.Debug|x86.Build.0 = Debug|Win32
		{59601D80-7178-4B52-AF89-5B0937797088}.Release|x64.ActiveCfg = Release|x64
		{59601D80-7178-4B52-AF89-5B0937797088}.Release|x64.Build.0 = Release|x64
		{59601D80-7178-4B52-AF89-5B0937797088}.Release|x86.ActiveCfg = Release|Win32
		{59601D80-7178-4B52-AF89-5B0937797088}.Release|x86.Build.0 = Release|Win32
		{C075A9FA-FEE0-42F1-8164-485D9461FA9C}.Debug|x64.ActiveCfg = Debug|x64
		{C075A9FA-FEE0-42F1-8164-485D9461FA9C}.Debug|x64.Build.0 = Debug|x64
		{C075A9FA-FEE0-42F1-8164-485D9461FA9C}.Debug|x86.ActiveCfg = Debug|Win32
		{C075A9FA-FEE0-42F1-8164-485D9461FA9C}.Debug|x86.Build.0 = Debug|Win32
		{C075A9FA-FEE0-42F1-8164-485D9461FA9C}.Release|x64.ActiveCfg = Release|x64
		{C075A9FA-FEE0-42F1-8164-485D9461FA9C}.Release|x64.Build.0 = Release|x64
		{C075A9FA-FEE0-42F1-8164-485D9461FA9C}.Release|x86.ActiveCfg = Release|Win32
		{C075A9FA-FEE0-42F1-8164-485D9461FA9C}.Release|x86.Build.0 = Release|Win32
		{E4108F42-1849-4DAC-B8CB-F7BB63CAEF04}.Debug|x64.ActiveCfg = Debug|x64
		{E4108F42-1849-4DAC-B8CB-F7BB63CAEF04}.Debug|x64.Build.0 = Debug|x64
		{E4108F42-1849-4DAC-B8CB-F7BB63CAEF04}.Debug|x86.ActiveCfg = Debug|Win32
		{E4108F42-1849-4DAC-B8CB-F7BB63CAEF04}.Debug|x86.Build.0 = Debug|Win32
		{E4108F42-1849-4DAC-B8CB-F7BB63CAEF04}.Release|x64.ActiveCfg = Release|x64
		{E4108F42-1849-4DAC-B8CB-F7BB63CAEF04}.Release|x64.Build.0 = Release|x64
		{E4108F42-1849-4DAC-B8CB-F7BB63CAEF04}.Release|x86.ActiveCfg = Release|Win32
		{E4108F42-1849-4DAC-B8CB-F7BB63CAEF04}.Release|x86.Build.0 = Release|Win32
		{BA51799B-7523-44B1-AA40-F6663DC0D3EC}.Debug|x64.ActiveCfg = Debug|x64
		{BA51799B-7523-44B1-AA40-F6663DC0D3EC}.Debug|x64.Build.0 = Debug|x64
		{BA51799B-7523-44B1-AA40-F6663DC0D3EC}.Debug|x86.ActiveCfg = Debug|Win32
		{BA51799B-7523-44B1-AA40-F6663DC0D3EC}.Debug|x86.Build.0 = Debug|Win32
		{BA51799B-7523-44B1-AA40-F6663DC0D3EC}.Release|x64.ActiveCfg = Release|x64
		{BA51799B-7523-44B1-AA40-F6663DC0D3EC}.Release|x64.Build.0 = Release|x64
		{BA51799B-7523-44B1-AA40-F6663DC0D3EC}.Release|x86.ActiveCfg = Release|Win32
		{BA51799B-7523-44B1-AA40-F6663DC0D3EC}.Release|x86.Build.0 = Release|Win32
	EndGlobalSection
	GlobalSection(SolutionProperties) = preSolution
		HideSolutionNode = FALSE
	EndGlobalSection
EndGlobal
